{
  "name": "fastapi-jinja-bootstrap-starter-frontend",
  "version": "1.0.0",
  "lockfileVersion": 3,
  "requires": true,
  "packages": {
    "": {
      "name": "fastapi-jinja-bootstrap-starter-frontend",
      "version": "1.0.0",
      "private": true,
      "dependencies": {
        "@popperjs/core": "^2.11.8",
        "bootstrap": "^5.3.3"
      },
      "devDependencies": {
        "concurrently": "^9.0.1",
        "esbuild": "^0.21.5",
        "sass": "^1.77.6"
      }
    },
    "node_modules/@popperjs/core": {
      "version": "2.11.8",
      "resolved": "https://registry.npmjs.org/@popperjs/core/-/core-2.11.8.tgz",
      "integrity": "sha512-P1st0aksCrn9sGZhp8GMYwBnQsbvAWsZAX44oXNNvLHGqAOcoV5I8Bw7wT4dW8xtOsIp/Cr1ObWukFvLO4pAmg==",
      "funding": {
        "type": "opencollective",
        "url": "https://opencollective.com/popperjs"
      },
      "peer": true
    },
    "node_modules/anymatch": {
      "version": "3.1.3",
      "resolved": "https://registry.npmjs.org/anymatch/-/anymatch-3.1.3.tgz",
      "integrity": "sha512-KMReFUr0B4t+D+OBkjR3KYqvocp2XaSzO55UcB6mgQMd3KbcE+mWTyvVV7D/zsdEbT9WzpQDyY1IGXcKf4Zf9Q==",
      "dependencies": {
        "normalize-path": "^3.0.0",
        "picomatch": "^2.0.4"
      },
      "engines": {
        "node": ">= 8"
      }
    },
    "node_modules/ansi-regex": {
      "version": "6.0.1",
      "resolved": "https://registry.npmjs.org/ansi-regex/-/ansi-regex-6.0.1.tgz",
      "integrity": "sha512-n5M855fKb2SNYvG8YV/xb2widjtVn3sM/9jpuh6rDVhCMePGxJrnAaRBXvOWG/pG3ZHIpb8r4b2HlP4HY2E2wg==",
      "engines": {
        "node": ">=12"
      }
    },
    "node_modules/ansi-styles": {
      "version": "6.2.1",
      "resolved": "https://registry.npmjs.org/ansi-styles/-/ansi-styles-6.2.1.tgz",
      "integrity": "sha512-bN798TzIc4JWVTb8pfye6Q7o3jRXmKFp1Q6eBI0TUWMfYKbLZOBp0gxPSlqG3B58Fi7yp35VcoTFYgXq5xv/qg==",
      "engines": {
        "node": ">=12"
      },
      "funding": {
        "url": "https://github.com/chalk/ansi-styles?sponsor=1"
      }
    },
    "node_modules/asynckit": {
      "version": "0.4.0",
      "resolved": "https://registry.npmjs.org/asynckit/-/asynckit-0.4.0.tgz",
      "integrity": "sha512-OwyLTgFd3zP+1yz8z1SaejoBqO4UGsZkU5hJHI9RWnUJ6tXjoYRQlJjFhWAwjHWKbsCj+D2VVC5d06kY+hsxew=="
    },
    "node_modules/binary-extensions": {
      "version": "2.3.0",
      "resolved": "https://registry.npmjs.org/binary-extensions/-/binary-extensions-2.3.0.tgz",
      "integrity": "sha512-CehmzA6mkoql6QJyQX0l0R8PX1GNyL2ebygSzKR+0yExldbKIeagCygixjSWOCy4gtf3gQh0gAYb9P1qYj/+7g==",
      "engines": {
        "node": ">=8"
      },
      "funding": {
        "url": "https://github.com/sponsors/sindresorhus"
      }
    },
    "node_modules/bootstrap": {
      "version": "5.3.3",
      "resolved": "https://registry.npmjs.org/bootstrap/-/bootstrap-5.3.3.tgz",
      "integrity": "sha512-7VTkN3Tn/mwNAD9sgrx4j+2qntqbL9IMv4vU/kLyoj+BI7e1qTi3ONxqi2f0kqj6S//4yG1rdNsU5pXh4+PCeQ==",
      "funding": [
        {
          "type": "opencollective",
          "url": "https://opencollective.com/bootstrap"
        },
        {
          "type": "patreon",
          "url": "https://www.patreon.com/bootstrap"
        }
      ],
      "peerDependencies": {
        "@popperjs/core": "^2.11.8"
      },
      "peerDependenciesMeta": {
        "@popperjs/core": {
          "optional": true
        }
      }
    },
    "node_modules/braces": {
      "version": "3.0.3",
      "resolved": "https://registry.npmjs.org/braces/-/braces-3.0.3.tgz",
      "integrity": "sha512-yQbXgO/OSZVD2ZaW8uDNB7Ax9FWTYaNlis3jHleGItCj5wsl0SzKb1xHgRg/gTD5pfJyT74r63s2NBBs1J8I+Q==",
      "dependencies": {
        "fill-range": "^7.1.1"
      },
      "engines": {
        "node": ">=8"
      }
    },
    "node_modules/camelcase": {
      "version": "7.0.1",
      "resolved": "https://registry.npmjs.org/camelcase/-/camelcase-7.0.1.tgz",
      "integrity": "sha512-y0K0JkVdDPnbkNuk6UYTgIOXDV2xBm1OdLKWqFxIdA6d09qJ8MmPyT41Zo4Us9Ik/epc6SH9wV/oW2zR5qIrsw==",
      "engines": {
        "node": ">=14.16"
      },
      "funding": {
        "url": "https://github.com/sponsors/sindresorhus"
      }
    },
    "node_modules/chalk": {
      "version": "5.3.0",
      "resolved": "https://registry.npmjs.org/chalk/-/chalk-5.3.0.tgz",
      "integrity": "sha512-dLitkEcP3bly78fBtOrz3RWTJmHARcC80utdY39poZo03ne0Y6l7SRy3tjJ57wL5A8Jk57ijRl0PiOYh6fjLdw==",
      "engines": {
        "node": ">=12"
      },
      "funding": {
        "url": "https://github.com/chalk/chalk?sponsor=1"
      }
    },
    "node_modules/chokidar": {
      "version": "3.6.0",
      "resolved": "https://registry.npmjs.org/chokidar/-/chokidar-3.6.0.tgz",
      "integrity": "sha512-7VT16sgquln9oK38Ls8abBRzup3eUSYxZbYgy/W3MNU/eK06Ci9za5J9jdFsDgf9EVLgaCtdOadfLwQ9T8Xf6Q==",
      "dependencies": {
        "anymatch": "~3.1.2",
        "braces": "~3.0.2",
        "glob-parent": "~5.1.2",
        "is-binary-path": "~2.1.0",
        "is-glob": "~4.0.1",
        "normalize-path": "^3.0.0",
        "readdirp": "~3.6.0"
      },
      "engines": {
        "node": ">= 8.10.0"
      },
      "optionalDependencies": {
        "fsevents": "~2.3.2"
      }
    },
    "node_modules/cliui": {
      "version": "8.0.1",
      "resolved": "https://registry.npmjs.org/cliui/-/cliui-8.0.1.tgz",
      "integrity": "sha512-BSeNnyus7vP7B2V0qvZmkbU4uUuZLwEjtIGba8uFhBEuaZ53zUmIETMNd0QnNptn90dImrKkZoi7x5Mo5J8TNQ==",
      "dependencies": {
        "string-width": "^4.2.0",
        "strip-ansi": "^6.0.1",
        "wrap-ansi": "^8.1.0"
      },
      "engines": {
        "node": ">=12"
      }
    },
    "node_modules/concurrently": {
      "version": "9.0.1",
      "resolved": "https://registry.npmjs.org/concurrently/-/concurrently-9.0.1.tgz",
      "integrity": "sha512-wxNwDWuc9GW/7WXUqs+eUMwT+HNKH1Zkd8rAV8Vxf3BG1N/Xg/vzygGfxbczJ0/NGq/QYE7mBwKDh2o9ylohtA==",
      "dependencies": {
        "chalk": "^5.2.0",
        "date-fns": "^3.6.0",
        "lodash": "^4.17.21",
        "rxjs": "^7.8.1",
        "shell-quote": "^1.8.1",
        "spawn-command": "^0.0.2",
        "supports-color": "^9.3.1",
        "tree-kill": "^1.2.2",
        "yargs": "^17.7.2"
      },
      "bin": {
        "concurrently": "dist/bin/concurrently.js"
      },
      "engines": {
        "node": ">=14.13.0"
      },
      "funding": {
        "url": "https://github.com/open-cli-tools/concurrently?sponsor=1"
      }
    },
    "node_modules/date-fns": {
      "version": "3.6.0",
      "resolved": "https://registry.npmjs.org/date-fns/-/date-fns-3.6.0.tgz",
      "integrity": "sha512-fRHTG8g/Gif+kSh50gaGEdToemgfj74aRX3swtiouboip5JDLAyDE9F11nHMIcvOaX+KEbVhHJtRZq0SpjM6fA==",
      "engines": {
        "node": ">=0.11"
      },
      "funding": {
        "type": "github",
        "url": "https://github.com/sponsors/kossnocorp"
      }
    },
    "node_modules/eastasianwidth": {
      "version": "0.2.0",
      "resolved": "https://registry.npmjs.org/eastasianwidth/-/eastasianwidth-0.2.0.tgz",
      "integrity": "sha512-I5i6t2nbFVeZ/c50IOUsSRmU2jkVZqUKJe35dPNFnVvGvnhbDGf0PVE9iJbjzBzG4ih1L+qsaCKhpc0Lk6JLZw=="
    },
    "node_modules/emoji-regex": {
      "version": "9.2.2",
      "resolved": "https://registry.npmjs.org/emoji-regex/-/emoji-regex-9.2.2.tgz",
      "integrity": "sha512-5l7fMxmcUQN2nMjlqatB+T0s0bRZIbHQUpAJZKkd06d10yvLW+5apVBr4YQ/gWzSYJYG5V+vkLJrD9ctGfSFzw=="
    },
    "node_modules/esbuild": {
      "version": "0.21.5",
      "resolved": "https://registry.npmjs.org/esbuild/-/esbuild-0.21.5.tgz",
      "integrity": "sha512-mg3OPMV4+wAnYUZB6TXpA1a8CbB0LDHdRRrW1aMz7iKxfaAIL9PBOh6+pGqxneFwfYRBWeeAiHetk1dC0yC4XA==",
      "dev": true,
      "hasInstallScript": true,
      "bin": {
        "esbuild": "bin/esbuild"
      },
      "engines": {
        "node": ">=12"
      },
      "optionalDependencies": {
        "@esbuild/aix-ppc64": "0.21.5",
        "@esbuild/android-arm": "0.21.5",
        "@esbuild/android-arm64": "0.21.5",
        "@esbuild/android-x64": "0.21.5",
        "@esbuild/darwin-arm64": "0.21.5",
        "@esbuild/darwin-x64": "0.21.5",
        "@esbuild/freebsd-arm64": "0.21.5",
        "@esbuild/freebsd-x64": "0.21.5",
        "@esbuild/linux-arm": "0.21.5",
        "@esbuild/linux-arm64": "0.21.5",
        "@esbuild/linux-ia32": "0.21.5",
        "@esbuild/linux-loong64": "0.21.5",
        "@esbuild/linux-mips64el": "0.21.5",
        "@esbuild/linux-ppc64": "0.21.5",
        "@esbuild/linux-riscv64": "0.21.5",
        "@esbuild/linux-s390x": "0.21.5",
        "@esbuild/linux-x64": "0.21.5",
        "@esbuild/netbsd-x64": "0.21.5",
        "@esbuild/openbsd-arm64": "0.21.5",
        "@esbuild/openbsd-x64": "0.21.5",
        "@esbuild/sunos-x64": "0.21.5",
        "@esbuild/win32-arm64": "0.21.5",
        "@esbuild/win32-ia32": "0.21.5",
        "@esbuild/win32-x64": "0.21.5"
      }
    },
    "node_modules/escalade": {
      "version": "3.1.1",
      "resolved": "https://registry.npmjs.org/escalade/-/escalade-3.1.1.tgz",
      "integrity": "sha512-k0er2gUkLf8tTnJOrxRTpZ2vIsZuqI7SdPW3O2MY2+oORcL79fUW4vf8QKYpAfWBgZY+N2sCC0R8yEM2kU5JAA==",
      "engines": {
        "node": ">=6"
      }
    },
    "node_modules/fill-range": {
      "version": "7.1.1",
      "resolved": "https://registry.npmjs.org/fill-range/-/fill-range-7.1.1.tgz",
      "integrity": "sha512-YsGpe3WHLK8ZYi4tWDgfcRLXgZHR3u9BI3p+2f8YfKA63k9C55iVKnDlad2xOiG5u7FBNtS/z0ugJdMCdQABOA==",
      "dependencies": {
        "to-regex-range": "^5.0.1"
      },
      "engines": {
        "node": ">=8"
      }
    },
    "node_modules/fsevents": {
      "version": "2.3.2",
      "resolved": "https://registry.npmjs.org/fsevents/-/fsevents-2.3.2.tgz",
      "integrity": "sha512-xiqMQR4x8BXRf0J8EPGDQV/3gU9DyZJ2NQYxg58VlO3IK7nRDtPOT3hJiMV1gZtC73bO72fWXF3+Toz9Ul3NLA==",
      "dev": true,
      "hasInstallScript": true,
      "optional": true,
      "os": [
        "darwin"
      ],
      "engines": {
        "node": ">=8.16.0"
      }
    },
    "node_modules/get-caller-file": {
      "version": "2.0.5",
      "resolved": "https://registry.npmjs.org/get-caller-file/-/get-caller-file-2.0.5.tgz",
      "integrity": "sha512-DyFP3BMlgBHi7fhy94sg5t8bOYfF1EXrebfDDO0uCxE2Yec0RPF0uw+QkLBXMV9C08wCkCr1H+exHoKJ5bS0oA==",
      "engines": {
        "node": ">=6"
      }
    },
    "node_modules/glob-parent": {
      "version": "5.1.2",
      "resolved": "https://registry.npmjs.org/glob-parent/-/glob-parent-5.1.2.tgz",
      "integrity": "sha512-AOIgS6Pn9pTababl6hFd6fZrY2GLsu7iEGuV/1Czpt2nH/TAGHUbEMk1JOpiRL6sVlGRqgnE/2H8n7eUTPrVQw==",
      "dependencies": {
        "is-glob": "^4.0.1"
      },
      "engines": {
        "node": ">= 6"
      }
    },
    "node_modules/has-flag": {
      "version": "4.0.0",
      "resolved": "https://registry.npmjs.org/has-flag/-/has-flag-4.0.0.tgz",
      "integrity": "sha512-EykJT/Q1KjTWctppgIAgfSO0tKVuZUuX7EM+s8PvLQv5nY+WeN8dZbU+PbaJcNqE4H+M0ZB7r+8NItSZmSQpQA==",
      "engines": {
        "node": ">=8"
      }
    },
    "node_modules/immutable": {
      "version": "4.3.6",
      "resolved": "https://registry.npmjs.org/immutable/-/immutable-4.3.6.tgz",
      "integrity": "sha512-Ju0+lEMyzMVZarkTn/gqRpdqd1xnJgZ1pX8/auQC6qgbB0IGQFwbGLZrbiN606jlXFxt/gD+b3Y5ZRahWEpE7g==",
      "dev": true
    },
    "node_modules/is-binary-path": {
      "version": "2.1.0",
      "resolved": "https://registry.npmjs.org/is-binary-path/-/is-binary-path-2.1.0.tgz",
      "integrity": "sha512-ZMERYes6pDydyuGidse7OsHxtbI7WVeUEozgR/g7rd0xUimYNlvZRE/K2MgZTjWy725IfelLeVcEM97mmtRGXw==",
      "dependencies": {
        "binary-extensions": "^2.0.0"
      },
      "engines": {
        "node": ">=8"
      }
    },
    "node_modules/is-extglob": {
      "version": "2.1.1",
      "resolved": "https://registry.npmjs.org/is-extglob/-/is-extglob-2.1.1.tgz",
      "integrity": "sha512-SbKbANkN603Vi4jEZv49LeVJMn4yGwsbzx+3Xj/UudnAz5G4Z1R0xw8qXza1fgbYQFdqOY9bCTNZk/4Ay6leaQ==",
      "engines": {
        "node": ">=0.10.0"
      }
    },
    "node_modules/is-glob": {
      "version": "4.0.3",
      "resolved": "https://registry.npmjs.org/is-glob/-/is-glob-4.0.3.tgz",
      "integrity": "sha512-xelSayHH36ZgE7ZWhli7pW34hNbNl8Ojv5KVmkJD4hBdDk3RDI7pIVcrNhjVLs22sNglfS8skfi3+EKnXy6WFA==",
      "dependencies": {
        "is-extglob": "^2.1.1"
      },
      "engines": {
        "node": ">=0.10.0"
      }
    },
    "node_modules/is-number": {
      "version": "7.0.0",
      "resolved": "https://registry.npmjs.org/is-number/-/is-number-7.0.0.tgz",
      "integrity": "sha512-41Cifkg6e8TylSpdtTpeLVMqvSBEVzTnnvr5bl5pjZP8FHnDqcNv5c5/p2s0YMVbmm+TXIgG2idq/GqcQe8SXw==",
      "engines": {
        "node": ">=0.12.0"
      }
    },
    "node_modules/lodash": {
      "version": "4.17.21",
      "resolved": "https://registry.npmjs.org/lodash/-/lodash-4.17.21.tgz",
      "integrity": "sha512-v2kDEe57lecTulaDIuNTPy3Ry4gLGJ6Z1O3QzLVtZ7qYJ8Z344R8/EJlxmqjpr+UYLA7Q0cM22+0Hj9zRNan2w=="
    },
    "node_modules/normalize-path": {
      "version": "3.0.0",
      "resolved": "https://registry.npmjs.org/normalize-path/-/normalize-path-3.0.0.tgz",
      "integrity": "sha512-6eZs5Ls3WtCisHWpR8eqDnj/wTYf+WVxJH5CXMtd/eLL0tk+8QkO4jH1w8L3zW1aRUJb7l9F7jyOwhd6PHQqQ==",
      "engines": {
        "node": ">=0.10.0"
      }
    },
    "node_modules/picomatch": {
      "version": "2.3.1",
      "resolved": "https://registry.npmjs.org/picomatch/-/picomatch-2.3.1.tgz",
      "integrity": "sha512-JU3teHTNjmE2VCGFzuY8EXzCDVwEqB2a8fsIvwaStHhAWJEeVd1o1QD80CU6+ZdEXXSLbQDsNCckYwNgV2E2dA==",
      "engines": {
        "node": ">=8.6"
      },
      "funding": {
        "url": "https://github.com/sponsors/jonschlinkert"
      }
    },
    "node_modules/randombytes": {
      "version": "2.1.0",
      "resolved": "https://registry.npmjs.org/randombytes/-/randombytes-2.1.0.tgz",
      "integrity": "sha512-vYl3iOxkB+gGaa+qG6eZ+nxH3zvZtJhXTSiCJpNfqOY+hVUJghAoq5Py0Dq+0y8N0Y+Y5xIrE2Nt2lP6GIoV8g==",
      "dependencies": {
        "safe-buffer": "^5.1.0"
      }
    },
    "node_modules/readdirp": {
      "version": "3.6.0",
      "resolved": "https://registry.npmjs.org/readdirp/-/readdirp-3.6.0.tgz",
      "integrity": "sha512-hOS089on8RduqdbhvQ5Z37A0ESjsqz6qnRcffsMU3495FuTdqSm+7IGYEzo8jJo47Rff+It2UJ2WDFdC5zaqAQ==",
      "dependencies": {
        "picomatch": "^2.0.7"
      },
      "engines": {
        "node": ">=8.10.0"
      }
    },
    "node_modules/require-directory": {
      "version": "2.1.1",
      "resolved": "https://registry.npmjs.org/require-directory/-/require-directory-2.1.1.tgz",
      "integrity": "sha512-fGxEI7+wsG9xrvdJSXJG/5FtOTQcL2iITMrAm7lgHGCrs3BrTnKp+QGcmOFTN3b7+j4WYc3T3T1vT36q1sLRtA==",
      "engines": {
        "node": ">=0.10.0"
      }
    },
    "node_modules/rxjs": {
      "version": "7.8.1",
      "resolved": "https://registry.npmjs.org/rxjs/-/rxjs-7.8.1.tgz",
      "integrity": "sha512-AA3TVj+0A7+4/NVT2uFxZ1Z7+0r5XgCUMgLuLEwH29cUa2THcALWfWZ4y0xUbQeDTsd0nZM3kfZLtMjziM6dfA==",
      "dependencies": {
        "tslib": "^2.1.0"
      }
    },
    "node_modules/safe-buffer": {
      "version": "5.2.1",
      "resolved": "https://registry.npmjs.org/safe-buffer/-/safe-buffer-5.2.1.tgz",
      "integrity": "sha512-rp3So07Kcd3fSbNsn2fXcgGeuYwh6m6XWXdbXJrq0XYd2c/7p6mtbJ35Z/lwotEG63Svl8gDz+pX9+n3h2+t0w=="
    },
    "node_modules/sass": {
      "version": "1.77.6",
      "resolved": "https://registry.npmjs.org/sass/-/sass-1.77.6.tgz",
      "integrity": "sha512-ByXE1oLD79GVq9Ht1PeHWCPMPB8XHpBuz1r85oByKHjZY6qV6rWnQovQDX8HGe1hBK3qB6tC8QYRJFmhirLXfQ==",
      "dev": true,
      "hasInstallScript": true,
      "dependencies": {
        "chokidar": ">=3.0.0 <4.0.0",
        "immutable": "^4.0.0",
        "source-map-js": "^1.0.2"
      },
      "engines": {
        "node": ">=14.0.0"
      }
    },
    "node_modules/shebang-command": {
      "version": "2.0.0",
      "resolved": "https://registry.npmjs.org/shebang-command/-/shebang-command-2.0.0.tgz",
      "integrity": "sha512-kHxr2zZpYtdmr5GXuH95cGNqeNULqj97H85u5CR4wmm4GMxjtq2pZ3G4KVgSHcHdG7fG8Z2LaKPVhHlqDqyskg==",
      "dependencies": {
        "shebang-regex": "^3.0.0"
      },
      "engines": {
        "node": ">=8"
      }
    },
    "node_modules/shebang-regex": {
      "version": "3.0.0",
      "resolved": "https://registry.npmjs.org/shebang-regex/-/shebang-regex-3.0.0.tgz",
      "integrity": "sha512-7++dFhtcx3353uBaq8DDR4NuxBetBzC7ZQOhmTQInHEd6bSrXdiEyzCvG07Z44UYdLShWUyXt5M/yhz8ekcb1A==",
      "engines": {
        "node": ">=8"
      }
    },
    "node_modules/shell-quote": {
      "version": "1.8.2",
      "resolved": "https://registry.npmjs.org/shell-quote/-/shell-quote-1.8.2.tgz",
      "integrity": "sha512-mRz/m/JVscCrkMyPqHc/bczi3gDPfi3CpdS/4+lID7j2Jrqa9xTGLGoQbfr4A12s/EbGx+mJJRdZV9hcESNS8g=="
    },
    "node_modules/source-map-js": {
      "version": "1.2.0",
      "resolved": "https://registry.npmjs.org/source-map-js/-/source-map-js-1.2.0.tgz",
      "integrity": "sha512-itJW8lvSA0TXEphiRoawsCksnlf8SyvmFzIhltqAHluXd88pkCd+cXJVHTDwdCr0IzwptSm035IHQktUu1QUMg==",
      "engines": {
        "node": ">=0.10.0"
      }
    },
    "node_modules/spawn-command": {
      "version": "0.0.2",
      "resolved": "https://registry.npmjs.org/spawn-command/-/spawn-command-0.0.2.tgz",
      "integrity": "sha512-zC8zGoGkmcC1XarHPjXIPGjyFc+qCqYaZgmJ/EDKxAMQP00SYX0rDD1GDmFkG++IoV7OAV0bP7vmz9BLaS/Y5g=="
    }
    ,
    "node_modules/string-width": {
      "version": "4.2.3",
      "resolved": "https://registry.npmjs.org/string-width/-/string-width-4.2.3.tgz",
      "integrity": "sha512-wKyQRQpjJ0sIp62ErSZdGsjMJWsap5oRNihHhu6G7JVO/9jIB6UyevL+tXuOqrng8j/cxKTWyWUwvSTriiZz/g==",
      "dependencies": {
        "emoji-regex": "^8.0.0",
        "is-fullwidth-code-point": "^3.0.0",
        "strip-ansi": "^6.0.1"
      },
      "engines": {
        "node": ">=8"
      }
    },
    "node_modules/is-fullwidth-code-point": {
      "version": "3.0.0",
      "resolved": "https://registry.npmjs.org/is-fullwidth-code-point/-/is-fullwidth-code-point-3.0.0.tgz",
      "integrity": "sha512-zymm5+u+sCsSWyD9qNaejV3DFvhCKclKdizYaJUuHA83RLjb7nSuGnddCHGv0hk+KY7BMAlsWeK4Ueg6EV6XQg==",
      "engines": {
        "node": ">=8"
      }
    },
    "node_modules/string-width/node_modules/ansi-regex": {
      "version": "5.0.1",
      "resolved": "https://registry.npmjs.org/ansi-regex/-/ansi-regex-5.0.1.tgz",
      "integrity": "sha512-quJQXlTSUGL2LH9SUXo8VwsY4soanhgo6LNSm84E1LBcE8s3O0wpdiRzyR9z/ZZJMlMWv37qOOb9pdJlMUEKFQ==",
      "engines": {
        "node": ">=8"
      }
    },
    "node_modules/string-width/node_modules/emoji-regex": {
      "version": "8.0.0",
      "resolved": "https://registry.npmjs.org/emoji-regex/-/emoji-regex-8.0.0.tgz",
      "integrity": "sha512-MSjYzcWNOA0ewAHpz0L14CO7B1Dz4qD/VNgskSZcHBcnR3Ku1SsoE6KQmBV6S2HjKT7Ld6B6qk5zjUJ4cku0Rg=="
    },
    "node_modules/string-width/node_modules/strip-ansi": {
      "version": "6.0.1",
      "resolved": "https://registry.npmjs.org/strip-ansi/-/strip-ansi-6.0.1.tgz",
      "integrity": "sha512-Y38VPSP0L3jXnxVycgxlb5K7U5ikW1FtIA4cT+iG1z4VxEDLtEGsQWOTy0EfBqb1yyLHSsKbvBfF0VnYtkB5dA==",
      "dependencies": {
        "ansi-regex": "^5.0.1"
      },
      "engines": {
        "node": ">=8"
      }
    },
    "node_modules/strip-ansi": {
      "version": "7.1.0",
      "resolved": "https://registry.npmjs.org/strip-ansi/-/strip-ansi-7.1.0.tgz",
      "integrity": "sha512-iq6eVVI64nQQTRYq2KtEg3n0OgV/ieXfm7ioeOHQbquwregVui7RKtr74QqUybHRnP1+E8/5Bz3W7X+q5l3aIA==",
      "dependencies": {
        "ansi-regex": "^6.0.1"
      },
      "engines": {
        "node": ">=12"
      },
      "funding": {
        "url": "https://github.com/chalk/strip-ansi?sponsor=1"
      }
    },
    "node_modules/supports-color": {
      "version": "9.4.0",
      "resolved": "https://registry.npmjs.org/supports-color/-/supports-color-9.4.0.tgz",
      "integrity": "sha512-VL+lNrEoIXww1coLPOmiEmK/0sGigko5COxI09Kz0I9WgQwOOZfIGoXjOt+WsWF7WfafBuUj9Bgo3HB1onEYpg==",
      "dependencies": {
        "has-flag": "^4.0.0"
      },
      "engines": {
        "node": ">=12"
      },
      "funding": {
        "url": "https://github.com/chalk/supports-color?sponsor=1"
      }
    },
    "node_modules/to-regex-range": {
      "version": "5.0.1",
      "resolved": "https://registry.npmjs.org/to-regex-range/-/to-regex-range-5.0.1.tgz",
      "integrity": "sha512-65P7iz6dBuvU2Fi7fSPMdF4lDmB7Di5A2KxtjzS1H6koFzWX4dDPnjFgbv9Msq0E6nu5C5p5T4KFImQdw3R/XQ==",
      "dependencies": {
        "is-number": "^7.0.0"
      },
      "engines": {
        "node": ">=8.0"
      }
    },
    "node_modules/tree-kill": {
      "version": "1.2.2",
      "resolved": "https://registry.npmjs.org/tree-kill/-/tree-kill-1.2.2.tgz",
      "integrity": "sha512-L0Orpi8qGpndCfcvwu3B7VLsX8AKYyDQ4jXfiOmS04l3Kq1Lgqnxr/YDWKZjavu2xvt4cuzZsRHeM1kd0XQ/jg==",
      "bin": {
        "tree-kill": "cli.js"
      }
    },
    "node_modules/tslib": {
      "version": "2.6.3",
      "resolved": "https://registry.npmjs.org/tslib/-/tslib-2.6.3.tgz",
      "integrity": "sha512-xNvxJEOUiWPGhUuUdQgAJPKOOJfGnIyKySOc09XkKsgdUV/3tW2gPoNkw76laIjyA80k5bQmwBr7rJH8j4m2Gw=="
    },
    "node_modules/uuid": {
      "version": "9.0.1",
      "resolved": "https://registry.npmjs.org/uuid/-/uuid-9.0.1.tgz",
      "integrity": "sha512-kY1AZVr2OjtGat80Eb6HCjyGCPQWcWIWFCSgILt03H2LJwnhMRVHbLZNhsHeAW1XnZcJhKUfNQIBnEdjkQfN3A==",
      "bin": {
        "uuid": "dist/bin/uuid"
      }
    },
    "node_modules/wrap-ansi": {
      "version": "8.1.0",
      "resolved": "https://registry.npmjs.org/wrap-ansi/-/wrap-ansi-8.1.0.tgz",
      "integrity": "sha512-si7QOUrFtE+NDZ1+iPstxiGJzLHxWm0yV2DkphJEGhHyCFYI6+iPQmcLzB/S0VSBazd22G9j0dH9pNxa+lQq2A==",
      "dependencies": {
        "ansi-styles": "^6.1.0",
        "string-width": "^5.0.1",
        "strip-ansi": "^7.0.1"
      },
      "engines": {
        "node": ">=12"
      },
      "funding": {
        "url": "https://github.com/chalk/wrap-ansi?sponsor=1"
      }
    },
    "node_modules/wrap-ansi/node_modules/string-width": {
      "version": "5.1.2",
      "resolved": "https://registry.npmjs.org/string-width/-/string-width-5.1.2.tgz",
      "integrity": "sha512-HnLOCR3vjcY8beoNLtcjZ5/nxn3mSxVlQ+KEI36tR13nY/zUS4U5KnbP0WOuEv46sCQbCAx2u8dJQjEMsy6jPw==",
      "dependencies": {
        "eastasianwidth": "^0.2.0",
        "emoji-regex": "^9.2.2",
        "strip-ansi": "^7.0.1"
      },
      "engines": {
        "node": ">=12"
      },
      "funding": {
        "url": "https://github.com/sponsors/sindresorhus"
      }
    },
    "node_modules/y18n": {
      "version": "5.0.8",
      "resolved": "https://registry.npmjs.org/y18n/-/y18n-5.0.8.tgz",
      "integrity": "sha512-0pfFzegeDWJHJI7oCLXDiT1LsptO6E+E+6X3glWQ3gnCe8u0Dp8wzpW36qlupjtqazO8V4hnXU1cdYI7h7fawg==",
      "engines": {
        "node": ">=10"
      }
    },
    "node_modules/yargs": {
      "version": "17.7.2",
      "resolved": "https://registry.npmjs.org/yargs/-/yargs-17.7.2.tgz",
      "integrity": "sha512-7dSzzRQ++CKnNI/krKnBuQ1cTw76eUzqv2YY1Aky4I/njr+xm0xrIbkVKQdI7foS9DcdISG6WkBy04i+aJ+qAA==",
      "dependencies": {
        "cliui": "^8.0.1",
        "escalade": "^3.1.1",
        "get-caller-file": "^2.0.5",
        "require-directory": "^2.1.1",
        "string-width": "^4.2.0",
        "y18n": "^5.0.5",
        "yargs-parser": "^21.1.1"
      },
      "engines": {
        "node": ">=12"
      }
    },
    "node_modules/yargs-parser": {
      "version": "21.1.1",
      "resolved": "https://registry.npmjs.org/yargs-parser/-/yargs-parser-21.1.1.tgz",
      "integrity": "sha512-0cQbPqYqH+Uf5j2uzQU3hebVJZsL8bOjSLd1f+8U6ZiG7FJ8tRTo1tvO/7KEVvy4Af6B02P4sLlVykR6vCzZsA==",
      "engines": {
        "node": ">=12"
      }
    }
  },
  "dependencies": {
    "@popperjs/core": {
      "version": "2.11.8",
      "resolved": "https://registry.npmjs.org/@popperjs/core/-/core-2.11.8.tgz",
      "integrity": "sha512-P1st0aksCrn9sGZhp8GMYwBnQsbvAWsZAX44oXNNvLHGqAOcoV5I8Bw7wT4dW8xtOsIp/Cr1ObWukFvLO4pAmg=="
    },
    "anymatch": {
      "version": "3.1.3",
      "resolved": "https://registry.npmjs.org/anymatch/-/anymatch-3.1.3.tgz",
      "integrity": "sha512-KMReFUr0B4t+D+OBkjR3KYqvocp2XaSzO55UcB6mgQMd3KbcE+mWTyvVV7D/zsdEbT9WzpQDyY1IGXcKf4Zf9Q==",
      "requires": {
        "normalize-path": "^3.0.0",
        "picomatch": "^2.0.4"
      }
    },
    "ansi-regex": {
      "version": "6.0.1",
      "resolved": "https://registry.npmjs.org/ansi-regex/-/ansi-regex-6.0.1.tgz",
      "integrity": "sha512-n5M855fKb2SNYvG8YV/xb2widjtVn3sM/9jpuh6rDVhCMePGxJrnAaRBXvOWG/pG3ZHIpb8r4b2HlP4HY2E2wg=="
    },
    "ansi-styles": {
      "version": "6.2.1",
      "resolved": "https://registry.npmjs.org/ansi-styles/-/ansi-styles-6.2.1.tgz",
      "integrity": "sha512-bN798TzIc4JWVTb8pfye6Q7o3jRXmKFp1Q6eBI0TUWMfYKbLZOBp0gxPSlqG3B58Fi7yp35VcoTFYgXq5xv/qg=="
    },
    "asynckit": {
      "version": "0.4.0",
      "resolved": "https://registry.npmjs.org/asynckit/-/asynckit-0.4.0.tgz",
      "integrity": "sha512-OwyLTgFd3zP+1yz8z1SaejoBqO4UGsZkU5hJHI9RWnUJ6tXjoYRQlJjFhWAwjHWKbsCj+D2VVC5d06kY+hsxew=="
    },
    "binary-extensions": {
      "version": "2.3.0",
      "resolved": "https://registry.npmjs.org/binary-extensions/-/binary-extensions-2.3.0.tgz",
      "integrity": "sha512-CehmzA6mkoql6QJyQX0l0R8PX1GNyL2ebygSzKR+0yExldbKIeagCygixjSWOCy4gtf3gQh0gAYb9P1qYj/+7g=="
    },
    "bootstrap": {
      "version": "5.3.3",
      "resolved": "https://registry.npmjs.org/bootstrap/-/bootstrap-5.3.3.tgz",
      "integrity": "sha512-7VTkN3Tn/mwNAD9sgrx4j+2qntqbL9IMv4vU/kLyoj+BI7e1qTi3ONxqi2f0kqj6S//4yG1rdNsU5pXh4+PCeQ==",
      "requires": {
        "@popperjs/core": "^2.11.8"
      }
    },
    "braces": {
      "version": "3.0.3",
      "resolved": "https://registry.npmjs.org/braces/-/braces-3.0.3.tgz",
      "integrity": "sha512-yQbXgO/OSZVD2ZaW8uDNB7Ax9FWTYaNlis3jHleGItCj5wsl0SzKb1xHgRg/gTD5pfJyT74r63s2NBBs1J8I+Q==",
      "requires": {
        "fill-range": "^7.1.1"
      }
    },
    "camelcase": {
      "version": "7.0.1",
      "resolved": "https://registry.npmjs.org/camelcase/-/camelcase-7.0.1.tgz",
      "integrity": "sha512-y0K0JkVdDPnbkNuk6UYTgIOXDV2xBm1OdLKWqFxIdA6d09qJ8MmPyT41Zo4Us9Ik/epc6SH9wV/oW2zR5qIrsw=="
    },
    "chalk": {
      "version": "5.3.0",
      "resolved": "https://registry.npmjs.org/chalk/-/chalk-5.3.0.tgz",
      "integrity": "sha512-dLitkEcP3bly78fBtOrz3RWTJmHARcC80utdY39poZo03ne0Y6l7SRy3tjJ57wL5A8Jk57ijRl0PiOYh6fjLdw=="
    },
    "chokidar": {
      "version": "3.6.0",
      "resolved": "https://registry.npmjs.org/chokidar/-/chokidar-3.6.0.tgz",
      "integrity": "sha512-7VT16sgquln9oK38Ls8abBRzup3eUSYxZbYgy/W3MNU/eK06Ci9za5J9jdFsDgf9EVLgaCtdOadfLwQ9T8Xf6Q==",
      "requires": {
        "anymatch": "~3.1.2",
        "braces": "~3.0.2",
        "glob-parent": "~5.1.2",
        "is-binary-path": "~2.1.0",
        "is-glob": "~4.0.1",
        "normalize-path": "^3.0.0",
        "readdirp": "~3.6.0"
      }
    },
    "cliui": {
      "version": "8.0.1",
      "resolved": "https://registry.npmjs.org/cliui/-/cliui-8.0.1.tgz",
      "integrity": "sha512-BSeNnyus7vP7B2V0qvZmkbU4uUuZLwEjtIGba8uFhBEuaZ53zUmIETMNd0QnNptn90dImrKkZoi7x5Mo5J8TNQ==",
      "requires": {
        "string-width": "^4.2.0",
        "strip-ansi": "^6.0.1",
        "wrap-ansi": "^8.1.0"
      }
    },
    "concurrently": {
      "version": "9.0.1",
      "resolved": "https://registry.npmjs.org/concurrently/-/concurrently-9.0.1.tgz",
      "integrity": "sha512-wxNwDWuc9GW/7WXUqs+eUMwT+HNKH1Zkd8rAV8Vxf3BG1N/Xg/vzygGfxbczJ0/NGq/QYE7mBwKDh2o9ylohtA==",
      "requires": {
        "chalk": "^5.2.0",
        "date-fns": "^3.6.0",
        "lodash": "^4.17.21",
        "rxjs": "^7.8.1",
        "shell-quote": "^1.8.1",
        "spawn-command": "^0.0.2",
        "supports-color": "^9.3.1",
        "tree-kill": "^1.2.2",
        "yargs": "^17.7.2"
      }
    },
    "date-fns": {
      "version": "3.6.0",
      "resolved": "https://registry.npmjs.org/date-fns/-/date-fns-3.6.0.tgz",
      "integrity": "sha512-fRHTG8g/Gif+kSh50gaGEdToemgfj74aRX3swtiouboip5JDLAyDE9F11nHMIcvOaX+KEbVhHJtRZq0SpjM6fA=="
    },
    "eastasianwidth": {
      "version": "0.2.0",
      "resolved": "https://registry.npmjs.org/eastasianwidth/-/eastasianwidth-0.2.0.tgz",
      "integrity": "sha512-I5i6t2nbFVeZ/c50IOUsSRmU2jkVZqUKJe35dPNFnVvGvnhbDGf0PVE9iJbjzBzG4ih1L+qsaCKhpc0Lk6JLZw=="
    },
    "emoji-regex": {
      "version": "9.2.2",
      "resolved": "https://registry.npmjs.org/emoji-regex/-/emoji-regex-9.2.2.tgz",
      "integrity": "sha512-5l7fMxmcUQN2nMjlqatB+T0s0bRZIbHQUpAJZKkd06d10yvLW+5apVBr4YQ/gWzSYJYG5V+vkLJrD9ctGfSFzw=="
    },
    "esbuild": {
      "version": "0.21.5",
      "resolved": "https://registry.npmjs.org/esbuild/-/esbuild-0.21.5.tgz",
      "integrity": "sha512-mg3OPMV4+wAnYUZB6TXpA1a8CbB0LDHdRRrW1aMz7iKxfaAIL9PBOh6+pGqxneFwfYRBWeeAiHetk1dC0yC4XA==",
      "requires": {
        "@esbuild/aix-ppc64": "0.21.5",
        "@esbuild/android-arm": "0.21.5",
        "@esbuild/android-arm64": "0.21.5",
        "@esbuild/android-x64": "0.21.5",
        "@esbuild/darwin-arm64": "0.21.5",
        "@esbuild/darwin-x64": "0.21.5",
        "@esbuild/freebsd-arm64": "0.21.5",
        "@esbuild/freebsd-x64": "0.21.5",
        "@esbuild/linux-arm": "0.21.5",
        "@esbuild/linux-arm64": "0.21.5",
        "@esbuild/linux-ia32": "0.21.5",
        "@esbuild/linux-loong64": "0.21.5",
        "@esbuild/linux-mips64el": "0.21.5",
        "@esbuild/linux-ppc64": "0.21.5",
        "@esbuild/linux-riscv64": "0.21.5",
        "@esbuild/linux-s390x": "0.21.5",
        "@esbuild/linux-x64": "0.21.5",
        "@esbuild/netbsd-x64": "0.21.5",
        "@esbuild/openbsd-arm64": "0.21.5",
        "@esbuild/openbsd-x64": "0.21.5",
        "@esbuild/sunos-x64": "0.21.5",
        "@esbuild/win32-arm64": "0.21.5",
        "@esbuild/win32-ia32": "0.21.5",
        "@esbuild/win32-x64": "0.21.5"
      }
    },
    "escalade": {
      "version": "3.1.1",
      "resolved": "https://registry.npmjs.org/escalade/-/escalade-3.1.1.tgz",
      "integrity": "sha512-k0er2gUkLf8tTnJOrxRTpZ2vIsZuqI7SdPW3O2MY2+oORcL79fUW4vf8QKYpAfWBgZY+N2sCC0R8yEM2kU5JAA=="
    },
    "fill-range": {
      "version": "7.1.1",
      "resolved": "https://registry.npmjs.org/fill-range/-/fill-range-7.1.1.tgz",
      "integrity": "sha512-YsGpe3WHLK8ZYi4tWDgfcRLXgZHR3u9BI3p+2f8YfKA63k9C55iVKnDlad2xOiG5u7FBNtS/z0ugJdMCdQABOA==",
      "requires": {
        "to-regex-range": "^5.0.1"
      }
    },
    "get-caller-file": {
      "version": "2.0.5",
      "resolved": "https://registry.npmjs.org/get-caller-file/-/get-caller-file-2.0.5.tgz",
      "integrity": "sha512-DyFP3BMlgBHi7fhy94sg5t8bOYfF1EXrebfDDO0uCxE2Yec0RPF0uw+QkLBXMV9C08wCkCr1H+exHoKJ5bS0oA=="
    },
    "glob-parent": {
      "version": "5.1.2",
      "resolved": "https://registry.npmjs.org/glob-parent/-/glob-parent-5.1.2.tgz",
      "integrity": "sha512-AOIgS6Pn9pTababl6hFd6fZrY2GLsu7iEGuV/1Czpt2nH/TAGHUbEMk1JOpiRL6sVlGRqgnE/2H8n7eUTPrVQw==",
      "requires": {
        "is-glob": "^4.0.1"
      }
    },
    "has-flag": {
      "version": "4.0.0",
      "resolved": "https://registry.npmjs.org/has-flag/-/has-flag-4.0.0.tgz",
      "integrity": "sha512-EykJT/Q1KjTWctppgIAgfSO0tKVuZUuX7EM+s8PvLQv5nY+WeN8dZbU+PbaJcNqE4H+M0ZB7r+8NItSZmSQpQA=="
    },
    "immutable": {
      "version": "4.3.6",
      "resolved": "https://registry.npmjs.org/immutable/-/immutable-4.3.6.tgz",
      "integrity": "sha512-Ju0+lEMyzMVZarkTn/gqRpdqd1xnJgZ1pX8/auQC6qgbB0IGQFwbGLZrbiN606jlXFxt/gD+b3Y5ZRahWEpE7g=="
    },
    "is-binary-path": {
      "version": "2.1.0",
      "resolved": "https://registry.npmjs.org/is-binary-path/-/is-binary-path-2.1.0.tgz",
      "integrity": "sha512-ZMERYes6pDydyuGidse7OsHxtbI7WVeUEozgR/g7rd0xUimYNlvZRE/K2MgZTjWy725IfelLeVcEM97mmtRGXw==",
      "requires": {
        "binary-extensions": "^2.0.0"
      }
    },
    "is-extglob": {
      "version": "2.1.1",
      "resolved": "https://registry.npmjs.org/is-extglob/-/is-extglob-2.1.1.tgz",
      "integrity": "sha512-SbKbANkN603Vi4jEZv49LeVJMn4yGwsbzx+3Xj/UudnAz5G4Z1R0xw8qXza1fgbYQFdqOY9bCTNZk/4Ay6leaQ=="
    },
    "is-fullwidth-code-point": {
      "version": "3.0.0",
      "resolved": "https://registry.npmjs.org/is-fullwidth-code-point/-/is-fullwidth-code-point-3.0.0.tgz",
      "integrity": "sha512-zymm5+u+sCsSWyD9qNaejV3DFvhCKclKdizYaJUuHA83RLjb7nSuGnddCHGv0hk+KY7BMAlsWeK4Ueg6EV6XQg=="
    },
    "is-glob": {
      "version": "4.0.3",
      "resolved": "https://registry.npmjs.org/is-glob/-/is-glob-4.0.3.tgz",
      "integrity": "sha512-xelSayHH36ZgE7ZWhli7pW34hNbNl8Ojv5KVmkJD4hBdDk3RDI7pIVcrNhjVLs22sNglfS8skfi3+EKnXy6WFA==",
      "requires": {
        "is-extglob": "^2.1.1"
      }
    },
    "is-number": {
      "version": "7.0.0",
      "resolved": "https://registry.npmjs.org/is-number/-/is-number-7.0.0.tgz",
      "integrity": "sha512-41Cifkg6e8TylSpdtTpeLVMqvSBEVzTnnvr5bl5pjZP8FHnDqcNv5c5/p2s0YMVbmm+TXIgG2idq/GqcQe8SXw=="
    },
    "lodash": {
      "version": "4.17.21",
      "resolved": "https://registry.npmjs.org/lodash/-/lodash-4.17.21.tgz",
      "integrity": "sha512-v2kDEe57lecTulaDIuNTPy3Ry4gLGJ6Z1O3QzLVtZ7qYJ8Z344R8/EJlxmqjpr+UYLA7Q0cM22+0Hj9zRNan2w=="
    },
    "normalize-path": {
      "version": "3.0.0",
      "resolved": "https://registry.npmjs.org/normalize-path/-/normalize-path-3.0.0.tgz",
      "integrity": "sha512-6eZs5Ls3WtCisHWpR8eqDnj/wTYf+WVxJH5CXMtd/eLL0tk+8QkO4jH1w8L3zW1aRUJb7l9F7jyOwhd6PHQqQ=="
    },
    "picomatch": {
      "version": "2.3.1",
      "resolved": "https://registry.npmjs.org/picomatch/-/picomatch-2.3.1.tgz",
      "integrity": "sha512-JU3teHTNjmE2VCGFzuY8EXzCDVwEqB2a8fsIvwaStHhAWJEeVd1o1QD80CU6+ZdEXXSLbQDsNCckYwNgV2E2dA=="
    },
    "randombytes": {
      "version": "2.1.0",
      "resolved": "https://registry.npmjs.org/randombytes/-/randombytes-2.1.0.tgz",
      "integrity": "sha512-vYl3iOxkB+gGaa+qG6eZ+nxH3zvZtJhXTSiCJpNfqOY+hVUJghAoq5Py0Dq+0y8N0Y+Y5xIrE2Nt2lP6GIoV8g==",
      "requires": {
        "safe-buffer": "^5.1.0"
      }
    },
    "readdirp": {
      "version": "3.6.0",
      "resolved": "https://registry.npmjs.org/readdirp/-/readdirp-3.6.0.tgz",
      "integrity": "sha512-hOS089on8RduqdbhvQ5Z37A0ESjsqz6qnRcffsMU3495FuTdqSm+7IGYEzo8jJo47Rff+It2UJ2WDFdC5zaqAQ==",
      "requires": {
        "picomatch": "^2.0.7"
      }
    },
    "require-directory": {
      "version": "2.1.1",
      "resolved": "https://registry.npmjs.org/require-directory/-/require-directory-2.1.1.tgz",
      "integrity": "sha512-fGxEI7+wsG9xrvdJSXJG/5FtOTQcL2iITMrAm7lgHGCrs3BrTnKp+QGcmOFTN3b7+j4WYc3T3T1vT36q1sLRtA=="
    },
    "rxjs": {
      "version": "7.8.1",
      "resolved": "https://registry.npmjs.org/rxjs/-/rxjs-7.8.1.tgz",
      "integrity": "sha512-AA3TVj+0A7+4/NVT2uFxZ1Z7+0r5XgCUMgLuLEwH29cUa2THcALWfWZ4y0xUbQeDTsd0nZM3kfZLtMjziM6dfA==",
      "requires": {
        "tslib": "^2.1.0"
      }
    },
    "safe-buffer": {
      "version": "5.2.1",
      "resolved": "https://registry.npmjs.org/safe-buffer/-/safe-buffer-5.2.1.tgz",
      "integrity": "sha512-rp3So07Kcd3fSbNsn2fXcgGeuYwh6m6XWXdbXJrq0XYd2c/7p6mtbJ35Z/lwotEG63Svl8gDz+pX9+n3h2+t0w=="
    },
    "sass": {
      "version": "1.77.6",
      "resolved": "https://registry.npmjs.org/sass/-/sass-1.77.6.tgz",
      "integrity": "sha512-ByXE1oLD79GVq9Ht1PeHWCPMPB8XHpBuz1r85oByKHjZY6qV6rWnQovQDX8HGe1hBK3qB6tC8QYRJFmhirLXfQ==",
      "requires": {
        "chokidar": ">=3.0.0 <4.0.0",
        "immutable": "^4.0.0",
        "source-map-js": "^1.0.2"
      }
    },
    "shebang-command": {
      "version": "2.0.0",
      "resolved": "https://registry.npmjs.org/shebang-command/-/shebang-command-2.0.0.tgz",
      "integrity": "sha512-kHxr2zZpYtdmr5GXuH95cGNqeNULqj97H85u5CR4wmm4GMxjtq2pZ3G4KVgSHcHdG7fG8Z2LaKPVhHlqDqyskg==",
      "requires": {
        "shebang-regex": "^3.0.0"
      }
    },
    "shebang-regex": {
      "version": "3.0.0",
      "resolved": "https://registry.npmjs.org/shebang-regex/-/shebang-regex-3.0.0.tgz",
      "integrity": "sha512-7++dFhtcx3353uBaq8DDR4NuxBetBzC7ZQOhmTQInHEd6bSrXdiEyzCvG07Z44UYdLShWUyXt5M/yhz8ekcb1A=="
    },
    "shell-quote": {
      "version": "1.8.2",
      "resolved": "https://registry.npmjs.org/shell-quote/-/shell-quote-1.8.2.tgz",
      "integrity": "sha512-mRz/m/JVscCrkMyPqHc/bczi3gDPfi3CpdS/4+lID7j2Jrqa9xTGLGoQbfr4A12s/EbGx+mJJRdZV9hcESNS8g=="
    },
    "source-map-js": {
      "version": "1.2.0",
      "resolved": "https://registry.npmjs.org/source-map-js/-/source-map-js-1.2.0.tgz",
      "integrity": "sha512-itJW8lvSA0TXEphiRoawsCksnlf8SyvmFzIhltqAHluXd88pkCd+cXJVHTDwdCr0IzwptSm035IHQktUu1QUMg=="
    },
    "spawn-command": {
      "version": "0.0.2",
      "resolved": "https://registry.npmjs.org/spawn-command/-/spawn-command-0.0.2.tgz",
      "integrity": "sha512-zC8zGoGkmcC1XarHPjXIPGjyFc+qCqYaZgmJ/EDKxAMQP00SYX0rDD1GDmFkG++IoV7OAV0bP7vmz9BLaS/Y5g=="
    },
    "string-width": {
      "version": "4.2.3",
      "resolved": "https://registry.npmjs.org/string-width/-/string-width-4.2.3.tgz",
      "integrity": "sha512-wKyQRQpjJ0sIp62ErSZdGsjMJWsap5oRNihHhu6G7JVO/9jIB6UyevL+tXuOqrng8j/cxKTWyWUwvSTriiZz/g==",
      "requires": {
        "emoji-regex": "^8.0.0",
        "is-fullwidth-code-point": "^3.0.0",
        "strip-ansi": "^6.0.1"
      },
      "dependencies": {
        "ansi-regex": {
          "version": "5.0.1",
          "resolved": "https://registry.npmjs.org/ansi-regex/-/ansi-regex-5.0.1.tgz",
          "integrity": "sha512-quJQXlTSUGL2LH9SUXo8VwsY4soanhgo6LNSm84E1LBcE8s3O0wpdiRzyR9z/ZZJMlMWv37qOOb9pdJlMUEKFQ=="
        },
        "emoji-regex": {
          "version": "8.0.0",
          "resolved": "https://registry.npmjs.org/emoji-regex/-/emoji-regex-8.0.0.tgz",
          "integrity": "sha512-MSjYzcWNOA0ewAHpz0L14CO7B1Dz4qD/VNgskSZcHBcnR3Ku1SsoE6KQmBV6S2HjKT7Ld6B6qk5zjUJ4cku0Rg=="
        },
        "strip-ansi": {
          "version": "6.0.1",
          "resolved": "https://registry.npmjs.org/strip-ansi/-/strip-ansi-6.0.1.tgz",
          "integrity": "sha512-Y38VPSP0L3jXnxVycgxlb5K7U5ikW1FtIA4cT+iG1z4VxEDLtEGsQWOTy0EfBqb1yyLHSsKbvBfF0VnYtkB5dA==",
          "requires": {
            "ansi-regex": "^5.0.1"
          }
        }
      }
    },
    "strip-ansi": {
      "version": "7.1.0",
      "resolved": "https://registry.npmjs.org/strip-ansi/-/strip-ansi-7.1.0.tgz",
      "integrity": "sha512-iq6eVVI64nQQTRYq2KtEg3n0OgV/ieXfm7ioeOHQbquwregVui7RKtr74QqUybHRnP1+E8/5Bz3W7X+q5l3aIA==",
      "requires": {
        "ansi-regex": "^6.0.1"
      }
    },
    "supports-color": {
      "version": "9.4.0",
      "resolved": "https://registry.npmjs.org/supports-color/-/supports-color-9.4.0.tgz",
      "integrity": "sha512-VL+lNrEoIXww1coLPOmiEmK/0sGigko5COxI09Kz0I9WgQwOOZfIGoXjOt+WsWF7WfafBuUj9Bgo3HB1onEYpg==",
      "requires": {
        "has-flag": "^4.0.0"
      }
    },
    "to-regex-range": {
      "version": "5.0.1",
      "resolved": "https://registry.npmjs.org/to-regex-range/-/to-regex-range-5.0.1.tgz",
      "integrity": "sha512-65P7iz6dBuvU2Fi7fSPMdF4lDmB7Di5A2KxtjzS1H6koFzWX4dDPnjFgbv9Msq0E6nu5C5p5T4KFImQdw3R/XQ==",
      "requires": {
        "is-number": "^7.0.0"
      }
    },
    "tree-kill": {
      "version": "1.2.2",
      "resolved": "https://registry.npmjs.org/tree-kill/-/tree-kill-1.2.2.tgz",
      "integrity": "sha512-L0Orpi8qGpndCfcvwu3B7VLsX8AKYyDQ4jXfiOmS04l3Kq1Lgqnxr/YDWKZjavu2xvt4cuzZsRHeM1kd0XQ/jg=="
    },
    "tslib": {
      "version": "2.6.3",
      "resolved": "https://registry.npmjs.org/tslib/-/tslib-2.6.3.tgz",
      "integrity": "sha512-xNvxJEOUiWPGhUuUdQgAJPKOOJfGnIyKySOc09XkKsgdUV/3tW2gPoNkw76laIjyA80k5bQmwBr7rJH8j4m2Gw=="
    },
    "uuid": {
      "version": "9.0.1",
      "resolved": "https://registry.npmjs.org/uuid/-/uuid-9.0.1.tgz",
      "integrity": "sha512-kY1AZVr2OjtGat80Eb6HCjyGCPQWcWIWFCSgILt03H2LJwnhMRVHbLZNhsHeAW1XnZcJhKUfNQIBnEdjkQfN3A=="
    },
    "wrap-ansi": {
      "version": "8.1.0",
      "resolved": "https://registry.npmjs.org/wrap-ansi/-/wrap-ansi-8.1.0.tgz",
      "integrity": "sha512-si7QOUrFtE+NDZ1+iPstxiGJzLHxWm0yV2DkphJEGhHyCFYI6+iPQmcLzB/S0VSBazd22G9j0dH9pNxa+lQq2A==",
      "requires": {
        "ansi-styles": "^6.1.0",
        "string-width": "^5.0.1",
        "strip-ansi": "^7.0.1"
      },
      "dependencies": {
        "string-width": {
          "version": "5.1.2",
          "resolved": "https://registry.npmjs.org/string-width/-/string-width-5.1.2.tgz",
          "integrity": "sha512-HnLOCR3vjcY8beoNLtcjZ5/nxn3mSxVlQ+KEI36tR13nY/zUS4U5KnbP0WOuEv46sCQbCAx2u8dJQjEMsy6jPw==",
          "requires": {
            "eastasianwidth": "^0.2.0",
            "emoji-regex": "^9.2.2",
            "strip-ansi": "^7.0.1"
          }
        }
      }
    },
    "y18n": {
      "version": "5.0.8",
      "resolved": "https://registry.npmjs.org/y18n/-/y18n-5.0.8.tgz",
      "integrity": "sha512-0pfFzegeDWJHJI7oCLXDiT1LsptO6E+E+6X3glWQ3gnCe8u0Dp8wzpW36qlupjtqazO8V4hnXU1cdYI7h7fawg=="
    },
    "yargs": {
      "version": "17.7.2",
      "resolved": "https://registry.npmjs.org/yargs/-/yargs-17.7.2.tgz",
      "integrity": "sha512-7dSzzRQ++CKnNI/krKnBuQ1cTw76eUzqv2YY1Aky4I/njr+xm0xrIbkVKQdI7foS9DcdISG6WkBy04i+aJ+qAA==",
      "requires": {
        "cliui": "^8.0.1",
        "escalade": "^3.1.1",
        "get-caller-file": "^2.0.5",
        "require-directory": "^2.1.1",
        "string-width": "^4.2.0",
        "y18n": "^5.0.5",
        "yargs-parser": "^21.1.1"
      }
    },
    "yargs-parser": {
      "version": "21.1.1",
      "resolved": "https://registry.npmjs.org/yargs-parser/-/yargs-parser-21.1.1.tgz",
      "integrity": "sha512-0cQbPqYqH+Uf5j2uzQU3hebVJZsL8bOjSLd1f+8U6ZiG7FJ8tRTo1tvO/7KEVvy4Af6B02P4sLlVykR6vCzZsA=="
    }
  }
}
