{
  "name": "fastapi-jinja-bootstrap-starter-frontend",
  "version": "1.0.0",
  "lockfileVersion": 3,
  "requires": true,
  "packages": {
    "": {
      "name": "fastapi-jinja-bootstrap-starter-frontend",
      "version": "1.0.0",
      "private": true,
      "dependencies": {
        "@popperjs/core": "^2.11.8",
        "bootstrap": "^5.3.3"
      },
      "devDependencies": {
        "concurrently": "^9.0.1",
        "esbuild": "^0.21.5",
        "sass": "^1.77.6"
      }
    }
  },
  "dependencies": {
    "@popperjs/core": {
      "version": "2.11.8",
      "resolved": "https://registry.npmjs.org/@popperjs/core/-/core-2.11.8.tgz",
      "integrity": "sha512-",
      "requires": {}
    },
    "bootstrap": {
      "version": "5.3.3",
      "resolved": "https://registry.npmjs.org/bootstrap/-/bootstrap-5.3.3.tgz",
      "integrity": "sha512-",
      "requires": {
        "@popperjs/core": "^2.11.8"
      }
    },
    "concurrently": {
      "version": "9.0.1",
      "resolved": "https://registry.npmjs.org/concurrently/-/concurrently-9.0.1.tgz",
      "integrity": "sha512-",
      "dev": true
    },
    "esbuild": {
      "version": "0.21.5",
      "resolved": "https://registry.npmjs.org/esbuild/-/esbuild-0.21.5.tgz",
      "integrity": "sha512-",
      "dev": true
    },
    "sass": {
      "version": "1.77.6",
      "resolved": "https://registry.npmjs.org/sass/-/sass-1.77.6.tgz",
      "integrity": "sha512-",
      "dev": true
    }
  }
}
